
Microsoft Visual Studio Solution File, Format Version 12.00
# Visual Studio Version 16
VisualStudioVersion = 16.0.31129.286
MinimumVisualStudioVersion = 10.0.40219.1
Project("{FAE04EC0-301F-11D3-BF4B-00C04F79EFBC}") = "Transformer", "Transformer\Transformer.csproj", "{1B56FF5E-232D-4A20-88D3-9D42CB777F10}"
EndProject
Global
	GlobalSection(SolutionConfigurationPlatforms) = preSolution
		Debug|Any CPU = Debug|Any CPU
		Release|Any CPU = Release|Any CPU
	EndGlobalSection
	GlobalSection(ProjectConfigurationPlatforms) = postSolution
		{1B56FF5E-232D-4A20-88D3-9D42CB777F10}.Debug|Any CPU.ActiveCfg = Debug|Any CPU
		{1B56FF5E-232D-4A20-88D3-9D42CB777F10}.Debug|Any CPU.Build.0 = Debug|Any CPU
		{1B56FF5E-232D-4A20-88D3-9D42CB777F10}.Release|Any CPU.ActiveCfg = Release|Any CPU
		{1B56FF5E-232D-4A20-88D3-9D42CB777F10}.Release|Any CPU.Build.0 = Release|Any CPU
	EndGlobalSection
	GlobalSection(SolutionProperties) = preSolution
		HideSolutionNode = FALSE
	EndGlobalSection
	GlobalSection(ExtensibilityGlobals) = postSolution
		SolutionGuid = {DBF21402-CCBC-4814-ADC0-D5044AACAC89}
	EndGlobalSection
EndGlobal
